# This file is automatically @generated by Poetry 1.8.2 and should not be changed by hand.

[[package]]
name = "redis"
version = "5.0.3"
description = "Python client for Redis database and key-value store"
optional = false
python-versions = ">=3.7"
files = [
    {file = "redis-5.0.3-py3-none-any.whl", hash = "sha256:5da9b8fe9e1254293756c16c008e8620b3d15fcc6dde6babde9541850e72a32d"},
    {file = "redis-5.0.3.tar.gz", hash = "sha256:4973bae7444c0fbed64a06b87446f79361cb7e4ec1538c022d696ed7a5015580"},
]

[package.extras]
hiredis = ["hiredis (>=1.0.0)"]
ocsp = ["cryptography (>=36.0.1)", "pyopenssl (==20.0.1)", "requests (>=2.26.0)"]

[metadata]
lock-version = "2.0"
python-versions = "^3.12"
content-hash = "92f483daa706579d436736c1f3650e0c9eff436d9128aa763af88029fb463551"
